// !$*UTF8*$!
{
	archiveVersion = 1;
	classes = {
	};
	objectVersion = 46;
	objects = {

/* Begin PBXBuildFile section */
		06E618CB1F3C9C4200138525 /* AppDelegate.swift in Sources */ = {isa = PBXBuildFile; fileRef = 06E618CA1F3C9C4200138525 /* AppDelegate.swift */; };
		06E618CD1F3C9C4200138525 /* ViewController.swift in Sources */ = {isa = PBXBuildFile; fileRef = 06E618CC1F3C9C4200138525 /* ViewController.swift */; };
		06E618D01F3C9C4200138525 /* Main.storyboard in Resources */ = {isa = PBXBuildFile; fileRef = 06E618CE1F3C9C4200138525 /* Main.storyboard */; };
		06E618D21F3C9C4200138525 /* Assets.xcassets in Resources */ = {isa = PBXBuildFile; fileRef = 06E618D11F3C9C4200138525 /* Assets.xcassets */; };
		06E618D51F3C9C4200138525 /* LaunchScreen.storyboard in Resources */ = {isa = PBXBuildFile; fileRef = 06E618D31F3C9C4200138525 /* LaunchScreen.storyboard */; };
		06E618E01F3C9C4200138525 /* OpenWeatherTests.swift in Sources */ = {isa = PBXBuildFile; fileRef = 06E618DF1F3C9C4200138525 /* OpenWeatherTests.swift */; };
/* End PBXBuildFile section */

/* Begin PBXContainerItemProxy section */
		06E618DC1F3C9C4200138525 /* PBXContainerItemProxy */ = {
			isa = PBXContainerItemProxy;
			containerPortal = 06E618BF1F3C9C4200138525 /* Project object */;
			proxyType = 1;
			remoteGlobalIDString = 06E618C61F3C9C4200138525;
			remoteInfo = OpenWeather;
		};
/* End PBXContainerItemProxy section */

/* Begin PBXFileReference section */
		06E618C71F3C9C4200138525 /* OpenWeather.app */ = {isa = PBXFileReference; explicitFileType = wrapper.application; includeInIndex = 0; path = OpenWeather.app; sourceTree = BUILT_PRODUCTS_DIR; };
		06E618CA1F3C9C4200138525 /* AppDelegate.swift */ = {isa = PBXFileReference; lastKnownFileType = sourcecode.swift; path = AppDelegate.swift; sourceTree = "<group>"; };
		06E618CC1F3C9C4200138525 /* ViewController.swift */ = {isa = PBXFileReference; lastKnownFileType = sourcecode.swift; path = ViewController.swift; sourceTree = "<group>"; };
		06E618CF1F3C9C4200138525 /* Base */ = {isa = PBXFileReference; lastKnownFileType = file.storyboard; name = Base; path = Base.lproj/Main.storyboard; sourceTree = "<group>"; };
		06E618D11F3C9C4200138525 /* Assets.xcassets */ = {isa = PBXFileReference; lastKnownFileType = folder.assetcatalog; path = Assets.xcassets; sourceTree = "<group>"; };
		06E618D41F3C9C4200138525 /* Base */ = {isa = PBXFileReference; lastKnownFileType = file.storyboard; name = Base; path = Base.lproj/LaunchScreen.storyboard; sourceTree = "<group>"; };
		06E618D61F3C9C4200138525 /* Info.plist */ = {isa = PBXFileReference; lastKnownFileType = text.plist.xml; path = Info.plist; sourceTree = "<group>"; };
		06E618DB1F3C9C4200138525 /* OpenWeatherTests.xctest */ = {isa = PBXFileReference; explicitFileType = wrapper.cfbundle; includeInIndex = 0; path = OpenWeatherTests.xctest; sourceTree = BUILT_PRODUCTS_DIR; };
		06E618DF1F3C9C4200138525 /* OpenWeatherTests.swift */ = {isa = PBXFileReference; lastKnownFileType = sourcecode.swift; path = OpenWeatherTests.swift; sourceTree = "<group>"; };
		06E618E11F3C9C4200138525 /* Info.plist */ = {isa = PBXFileReference; lastKnownFileType = text.plist.xml; path = Info.plist; sourceTree = "<group>"; };
/* End PBXFileReference section */

/* Begin PBXFrameworksBuildPhase section */
		06E618C41F3C9C4200138525 /* Frameworks */ = {
			isa = PBXFrameworksBuildPhase;
			buildActionMask = 2147483647;
			files = (
			);
			runOnlyForDeploymentPostprocessing = 0;
		};
		06E618D81F3C9C4200138525 /* Frameworks */ = {
			isa = PBXFrameworksBuildPhase;
			buildActionMask = 2147483647;
			files = (
			);
			runOnlyForDeploymentPostprocessing = 0;
		};
/* End PBXFrameworksBuildPhase section */

/* Begin PBXGroup section */
		06E618BE1F3C9C4200138525 = {
			isa = PBXGroup;
			children = (
				06E618C91F3C9C4200138525 /* OpenWeather */,
				06E618DE1F3C9C4200138525 /* OpenWeatherTests */,
				06E618C81F3C9C4200138525 /* Products */,
			);
			sourceTree = "<group>";
		};
		06E618C81F3C9C4200138525 /* Products */ = {
			isa = PBXGroup;
			children = (
				06E618C71F3C9C4200138525 /* OpenWeather.app */,
				06E618DB1F3C9C4200138525 /* OpenWeatherTests.xctest */,
			);
			name = Products;
			sourceTree = "<group>";
		};
		06E618C91F3C9C4200138525 /* OpenWeather */ = {
			isa = PBXGroup;
			children = (
				06E618CA1F3C9C4200138525 /* AppDelegate.swift */,
				06E618CC1F3C9C4200138525 /* ViewController.swift */,
				06E618CE1F3C9C4200138525 /* Main.storyboard */,
				06E618D11F3C9C4200138525 /* Assets.xcassets */,
				06E618D31F3C9C4200138525 /* LaunchScreen.storyboard */,
				06E618D61F3C9C4200138525 /* Info.plist */,
			);
			path = OpenWeather;
			sourceTree = "<group>";
		};
		06E618DE1F3C9C4200138525 /* OpenWeatherTests */ = {
			isa = PBXGroup;
			children = (
				06E618DF1F3C9C4200138525 /* OpenWeatherTests.swift */,
				06E618E11F3C9C4200138525 /* Info.plist */,
			);
			path = OpenWeatherTests;
			sourceTree = "<group>";
		};
/* End PBXGroup section */

/* Begin PBXNativeTarget section */
		06E618C61F3C9C4200138525 /* OpenWeather */ = {
			isa = PBXNativeTarget;
			buildConfigurationList = 06E618E41F3C9C4200138525 /* Build configuration list for PBXNativeTarget "OpenWeather" */;
			buildPhases = (
				06E618C31F3C9C4200138525 /* Sources */,
				06E618C41F3C9C4200138525 /* Frameworks */,
				06E618C51F3C9C4200138525 /* Resources */,
			);
			buildRules = (
			);
			dependencies = (
			);
			name = OpenWeather;
			productName = OpenWeather;
			productReference = 06E618C71F3C9C4200138525 /* OpenWeather.app */;
			productType = "com.apple.product-type.application";
		};
		06E618DA1F3C9C4200138525 /* OpenWeatherTests */ = {
			isa = PBXNativeTarget;
			buildConfigurationList = 06E618E71F3C9C4200138525 /* Build configuration list for PBXNativeTarget "OpenWeatherTests" */;
			buildPhases = (
				06E618D71F3C9C4200138525 /* Sources */,
				06E618D81F3C9C4200138525 /* Frameworks */,
				06E618D91F3C9C4200138525 /* Resources */,
			);
			buildRules = (
			);
			dependencies = (
				06E618DD1F3C9C4200138525 /* PBXTargetDependency */,
			);
			name = OpenWeatherTests;
			productName = OpenWeatherTests;
			productReference = 06E618DB1F3C9C4200138525 /* OpenWeatherTests.xctest */;
			productType = "com.apple.product-type.bundle.unit-test";
		};
/* End PBXNativeTarget section */

/* Begin PBXProject section */
		06E618BF1F3C9C4200138525 /* Project object */ = {
			isa = PBXProject;
			attributes = {
				LastSwiftUpdateCheck = 0830;
				LastUpgradeCheck = 0830;
				ORGANIZATIONNAME = "Bertrand Bloc'h";
				TargetAttributes = {
					06E618C61F3C9C4200138525 = {
						CreatedOnToolsVersion = 8.3.3;
						DevelopmentTeam = T9PQ7T394X;
						ProvisioningStyle = Automatic;
					};
					06E618DA1F3C9C4200138525 = {
						CreatedOnToolsVersion = 8.3.3;
						DevelopmentTeam = T9PQ7T394X;
						ProvisioningStyle = Automatic;
						TestTargetID = 06E618C61F3C9C4200138525;
					};
				};
			};
			buildConfigurationList = 06E618C21F3C9C4200138525 /* Build configuration list for PBXProject "OpenWeather" */;
			compatibilityVersion = "Xcode 3.2";
			developmentRegion = English;
			hasScannedForEncodings = 0;
			knownRegions = (
				en,
				Base,
			);
			mainGroup = 06E618BE1F3C9C4200138525;
			productRefGroup = 06E618C81F3C9C4200138525 /* Products */;
			projectDirPath = "";
			projectRoot = "";
			targets = (
				06E618C61F3C9C4200138525 /* OpenWeather */,
				06E618DA1F3C9C4200138525 /* OpenWeatherTests */,
			);
		};
/* End PBXProject section */

/* Begin PBXResourcesBuildPhase section */
		06E618C51F3C9C4200138525 /* Resources */ = {
			isa = PBXResourcesBuildPhase;
			buildActionMask = 2147483647;
			files = (
				06E618D51F3C9C4200138525 /* LaunchScreen.storyboard in Resources */,
				06E618D21F3C9C4200138525 /* Assets.xcassets in Resources */,
				06E618D01F3C9C4200138525 /* Main.storyboard in Resources */,
			);
			runOnlyForDeploymentPostprocessing = 0;
		};
		06E618D91F3C9C4200138525 /* Resources */ = {
			isa = PBXResourcesBuildPhase;
			buildActionMask = 2147483647;
			files = (
			);
			runOnlyForDeploymentPostprocessing = 0;
		};
/* End PBXResourcesBuildPhase section */

/* Begin PBXSourcesBuildPhase section */
		06E618C31F3C9C4200138525 /* Sources */ = {
			isa = PBXSourcesBuildPhase;
			buildActionMask = 2147483647;
			files = (
				06E618CD1F3C9C4200138525 /* ViewController.swift in Sources */,
				06E618CB1F3C9C4200138525 /* AppDelegate.swift in Sources */,
			);
			runOnlyForDeploymentPostprocessing = 0;
		};
		06E618D71F3C9C4200138525 /* Sources */ = {
			isa = PBXSourcesBuildPhase;
			buildActionMask = 2147483647;
			files = (
				06E618E01F3C9C4200138525 /* OpenWeatherTests.swift in Sources */,
			);
			runOnlyForDeploymentPostprocessing = 0;
		};
/* End PBXSourcesBuildPhase section */

/* Begin PBXTargetDependency section */
		06E618DD1F3C9C4200138525 /* PBXTargetDependency */ = {
			isa = PBXTargetDependency;
			target = 06E618C61F3C9C4200138525 /* OpenWeather */;
			targetProxy = 06E618DC1F3C9C4200138525 /* PBXContainerItemProxy */;
		};
/* End PBXTargetDependency section */

/* Begin PBXVariantGroup section */
		06E618CE1F3C9C4200138525 /* Main.storyboard */ = {
			isa = PBXVariantGroup;
			children = (
				06E618CF1F3C9C4200138525 /* Base */,
			);
			name = Main.storyboard;
			sourceTree = "<group>";
		};
		06E618D31F3C9C4200138525 /* LaunchScreen.storyboard */ = {
			isa = PBXVariantGroup;
			children = (
				06E618D41F3C9C4200138525 /* Base */,
			);
			name = LaunchScreen.storyboard;
			sourceTree = "<group>";
		};
/* End PBXVariantGroup section */

/* Begin XCBuildConfiguration section */
		06E618E21F3C9C4200138525 /* Debug */ = {
			isa = XCBuildConfiguration;
			buildSettings = {
				ALWAYS_SEARCH_USER_PATHS = NO;
				CLANG_ANALYZER_NONNULL = YES;
				CLANG_ANALYZER_NUMBER_OBJECT_CONVERSION = YES_AGGRESSIVE;
				CLANG_CXX_LANGUAGE_STANDARD = "gnu++0x";
				CLANG_CXX_LIBRARY = "libc++";
				CLANG_ENABLE_MODULES = YES;
				CLANG_ENABLE_OBJC_ARC = YES;
				CLANG_WARN_BOOL_CONVERSION = YES;
				CLANG_WARN_CONSTANT_CONVERSION = YES;
				CLANG_WARN_DIRECT_OBJC_ISA_USAGE = YES_ERROR;
				CLANG_WARN_DOCUMENTATION_COMMENTS = YES;
				CLANG_WARN_EMPTY_BODY = YES;
				CLANG_WARN_ENUM_CONVERSION = YES;
				CLANG_WARN_INFINITE_RECURSION = YES;
				CLANG_WARN_INT_CONVERSION = YES;
				CLANG_WARN_OBJC_ROOT_CLASS = YES_ERROR;
				CLANG_WARN_SUSPICIOUS_MOVE = YES;
				CLANG_WARN_UNREACHABLE_CODE = YES;
				CLANG_WARN__DUPLICATE_METHOD_MATCH = YES;
				"CODE_SIGN_IDENTITY[sdk=iphoneos*]" = "iPhone Developer";
				COPY_PHASE_STRIP = NO;
				DEBUG_INFORMATION_FORMAT = dwarf;
				ENABLE_STRICT_OBJC_MSGSEND = YES;
				ENABLE_TESTABILITY = YES;
				GCC_C_LANGUAGE_STANDARD = gnu99;
				GCC_DYNAMIC_NO_PIC = NO;
				GCC_NO_COMMON_BLOCKS = YES;
				GCC_OPTIMIZATION_LEVEL = 0;
				GCC_PREPROCESSOR_DEFINITIONS = (
					"DEBUG=1",
					"$(inherited)",
				);
				GCC_WARN_64_TO_32_BIT_CONVERSION = YES;
				GCC_WARN_ABOUT_RETURN_TYPE = YES_ERROR;
				GCC_WARN_UNDECLARED_SELECTOR = YES;
				GCC_WARN_UNINITIALIZED_AUTOS = YES_AGGRESSIVE;
				GCC_WARN_UNUSED_FUNCTION = YES;
				GCC_WARN_UNUSED_VARIABLE = YES;
				IPHONEOS_DEPLOYMENT_TARGET = 10.3;
				MTL_ENABLE_DEBUG_INFO = YES;
				ONLY_ACTIVE_ARCH = YES;
				SDKROOT = iphoneos;
				SWIFT_ACTIVE_COMPILATION_CONDITIONS = DEBUG;
				SWIFT_OPTIMIZATION_LEVEL = "-Onone";
				TARGETED_DEVICE_FAMILY = "1,2";
			};
			name = Debug;
		};
		06E618E31F3C9C4200138525 /* Release */ = {
			isa = XCBuildConfiguration;
			buildSettings = {
				ALWAYS_SEARCH_USER_PATHS = NO;
				CLANG_ANALYZER_NONNULL = YES;
				CLANG_ANALYZER_NUMBER_OBJECT_CONVERSION = YES_AGGRESSIVE;
				CLANG_CXX_LANGUAGE_STANDARD = "gnu++0x";
				CLANG_CXX_LIBRARY = "libc++";
				CLANG_ENABLE_MODULES = YES;
				CLANG_ENABLE_OBJC_ARC = YES;
				CLANG_WARN_BOOL_CONVERSION = YES;
				CLANG_WARN_CONSTANT_CONVERSION = YES;
				CLANG_WARN_DIRECT_OBJC_ISA_USAGE = YES_ERROR;
				CLANG_WARN_DOCUMENTATION_COMMENTS = YES;
				CLANG_WARN_EMPTY_BODY = YES;
				CLANG_WARN_ENUM_CONVERSION = YES;
				CLANG_WARN_INFINITE_RECURSION = YES;
				CLANG_WARN_INT_CONVERSION = YES;
				CLANG_WARN_OBJC_ROOT_CLASS = YES_ERROR;
				CLANG_WARN_SUSPICIOUS_MOVE = YES;
				CLANG_WARN_UNREACHABLE_CODE = YES;
				CLANG_WARN__DUPLICATE_METHOD_MATCH = YES;
				"CODE_SIGN_IDENTITY[sdk=iphoneos*]" = "iPhone Developer";
				COPY_PHASE_STRIP = NO;
				DEBUG_INFORMATION_FORMAT = "dwarf-with-dsym";
				ENABLE_NS_ASSERTIONS = NO;
				ENABLE_STRICT_OBJC_MSGSEND = YES;
				GCC_C_LANGUAGE_STANDARD = gnu99;
				GCC_NO_COMMON_BLOCKS = YES;
				GCC_WARN_64_TO_32_BIT_CONVERSION = YES;
				GCC_WARN_ABOUT_RETURN_TYPE = YES_ERROR;
				GCC_WARN_UNDECLARED_SELECTOR = YES;
				GCC_WARN_UNINITIALIZED_AUTOS = YES_AGGRESSIVE;
				GCC_WARN_UNUSED_FUNCTION = YES;
				GCC_WARN_UNUSED_VARIABLE = YES;
				IPHONEOS_DEPLOYMENT_TARGET = 10.3;
				MTL_ENABLE_DEBUG_INFO = NO;
				SDKROOT = iphoneos;
				SWIFT_OPTIMIZATION_LEVEL = "-Owholemodule";
				TARGETED_DEVICE_FAMILY = "1,2";
				VALIDATE_PRODUCT = YES;
			};
			name = Release;
		};
		06E618E51F3C9C4200138525 /* Debug */ = {
			isa = XCBuildConfiguration;
			buildSettings = {
				ASSETCATALOG_COMPILER_APPICON_NAME = AppIcon;
				DEVELOPMENT_TEAM = T9PQ7T394X;
				INFOPLIST_FILE = OpenWeather/Info.plist;
				LD_RUNPATH_SEARCH_PATHS = "$(inherited) @executable_path/Frameworks";
				PRODUCT_BUNDLE_IDENTIFIER = com.bbl.OpenWeather;
				PRODUCT_NAME = "$(TARGET_NAME)";
				SWIFT_VERSION = 3.0;
			};
			name = Debug;
		};
		06E618E61F3C9C4200138525 /* Release */ = {
			isa = XCBuildConfiguration;
			buildSettings = {
				ASSETCATALOG_COMPILER_APPICON_NAME = AppIcon;
				DEVELOPMENT_TEAM = T9PQ7T394X;
				INFOPLIST_FILE = OpenWeather/Info.plist;
				LD_RUNPATH_SEARCH_PATHS = "$(inherited) @executable_path/Frameworks";
				PRODUCT_BUNDLE_IDENTIFIER = com.bbl.OpenWeather;
				PRODUCT_NAME = "$(TARGET_NAME)";
				SWIFT_VERSION = 3.0;
			};
			name = Release;
		};
		06E618E81F3C9C4200138525 /* Debug */ = {
			isa = XCBuildConfiguration;
			buildSettings = {
				ALWAYS_EMBED_SWIFT_STANDARD_LIBRARIES = YES;
				BUNDLE_LOADER = "$(TEST_HOST)";
				DEVELOPMENT_TEAM = T9PQ7T394X;
				INFOPLIST_FILE = OpenWeatherTests/Info.plist;
				LD_RUNPATH_SEARCH_PATHS = "$(inherited) @executable_path/Frameworks @loader_path/Frameworks";
				PRODUCT_BUNDLE_IDENTIFIER = com.bbl.OpenWeatherTests;
				PRODUCT_NAME = "$(TARGET_NAME)";
				SWIFT_VERSION = 3.0;
				TEST_HOST = "$(BUILT_PRODUCTS_DIR)/OpenWeather.app/OpenWeather";
			};
			name = Debug;
		};
		06E618E91F3C9C4200138525 /* Release */ = {
			isa = XCBuildConfiguration;
			buildSettings = {
				ALWAYS_EMBED_SWIFT_STANDARD_LIBRARIES = YES;
				BUNDLE_LOADER = "$(TEST_HOST)";
				DEVELOPMENT_TEAM = T9PQ7T394X;
				INFOPLIST_FILE = OpenWeatherTests/Info.plist;
				LD_RUNPATH_SEARCH_PATHS = "$(inherited) @executable_path/Frameworks @loader_path/Frameworks";
				PRODUCT_BUNDLE_IDENTIFIER = com.bbl.OpenWeatherTests;
				PRODUCT_NAME = "$(TARGET_NAME)";
				SWIFT_VERSION = 3.0;
				TEST_HOST = "$(BUILT_PRODUCTS_DIR)/OpenWeather.app/OpenWeather";
			};
			name = Release;
		};
/* End XCBuildConfiguration section */

/* Begin XCConfigurationList section */
		06E618C21F3C9C4200138525 /* Build configuration list for PBXProject "OpenWeather" */ = {
			isa = XCConfigurationList;
			buildConfigurations = (
				06E618E21F3C9C4200138525 /* Debug */,
				06E618E31F3C9C4200138525 /* Release */,
			);
			defaultConfigurationIsVisible = 0;
			defaultConfigurationName = Release;
		};
		06E618E41F3C9C4200138525 /* Build configuration list for PBXNativeTarget "OpenWeather" */ = {
			isa = XCConfigurationList;
			buildConfigurations = (
				06E618E51F3C9C4200138525 /* Debug */,
				06E618E61F3C9C4200138525 /* Release */,
			);
			defaultConfigurationIsVisible = 0;
		};
		06E618E71F3C9C4200138525 /* Build configuration list for PBXNativeTarget "OpenWeatherTests" */ = {
			isa = XCConfigurationList;
			buildConfigurations = (
				06E618E81F3C9C4200138525 /* Debug */,
				06E618E91F3C9C4200138525 /* Release */,
			);
			defaultConfigurationIsVisible = 0;
		};
/* End XCConfigurationList section */
	};
	rootObject = 06E618BF1F3C9C4200138525 /* Project object */;
}
